
Microsoft Visual Studio Solution File, Format Version 12.00
# Visual Studio 2017
Project("{FAE04EC0-301F-11D3-BF4B-00C04F79EFBC}") = "Git Test", "Git Test.csproj", "{48D5498E-3C82-36D8-7400-A7AAD06B1CA4}"
EndProject
Global
	GlobalSection(SolutionConfigurationPlatforms) = preSolution
		Debug|Any CPU = Debug|Any CPU
		Release|Any CPU = Release|Any CPU
	EndGlobalSection
	GlobalSection(ProjectConfigurationPlatforms) = postSolution
		{48D5498E-3C82-36D8-7400-A7AAD06B1CA4}.Debug|Any CPU.ActiveCfg = Debug|Any CPU
		{48D5498E-3C82-36D8-7400-A7AAD06B1CA4}.Debug|Any CPU.Build.0 = Debug|Any CPU
		{48D5498E-3C82-36D8-7400-A7AAD06B1CA4}.Release|Any CPU.ActiveCfg = Release|Any CPU
		{48D5498E-3C82-36D8-7400-A7AAD06B1CA4}.Release|Any CPU.Build.0 = Release|Any CPU
	EndGlobalSection
	GlobalSection(SolutionProperties) = preSolution
		HideSolutionNode = FALSE
	EndGlobalSection
EndGlobal
